{"1.1.0",
[{<<"base16">>,{pkg,<<"base16">>,<<"1.0.0">>},1},
 {<<"certifi">>,{pkg,<<"certifi">>,<<"2.4.2">>},2},
 {<<"eini">>,{pkg,<<"eini">>,<<"1.2.6">>},1},
 {<<"enenra">>,
  {git,"https://github.com/ricjcosme/enenra.git",
       {ref,"b1d3e658342a22161630a39c7668984e5cdb58a6"}},
  0},
 {<<"erlazure">>,
  {git,"https://github.com/ricjcosme/erlazure.git",
       {ref,"299300901a8cad468d852982f6c7708cd09bb491"}},
  0},
 {<<"erlcloud">>,
  {git,"https://github.com/ricjcosme/erlcloud.git",
       {ref,"41f183fca70250b383cd79b51065266807f4cdd4"}},
  0},
 {<<"hackney">>,
  {git,"https://github.com/benoitc/hackney",
       {ref,"f2ac65700ef7918eb4e827892f1a7bb01e826026"}},
  1},
 {<<"idna">>,{pkg,<<"idna">>,<<"6.0.0">>},2},
 {<<"jiffy">>,
  {git,"https://github.com/davisp/jiffy",
       {ref,"c942525130ff0271bd318715406f234c0dc9bc5a"}},
  1},
 {<<"jsx">>,
  {git,"git://github.com/talentdeficit/jsx.git",
       {ref,"45ffea21a6863c58fb7da1f937e868916ff68b27"}},
  1},
 {<<"lhttpc">>,{pkg,<<"lhttpc">>,<<"1.6.2">>},1},
 {<<"metrics">>,{pkg,<<"metrics">>,<<"1.0.1">>},2},
 {<<"mimerl">>,{pkg,<<"mimerl">>,<<"1.0.2">>},2},
 {<<"parse_trans">>,{pkg,<<"parse_trans">>,<<"3.3.0">>},3},
 {<<"ssl_verify_fun">>,{pkg,<<"ssl_verify_fun">>,<<"1.1.4">>},2},
 {<<"unicode_util_compat">>,{pkg,<<"unicode_util_compat">>,<<"0.4.1">>},3}]}.
[
{pkg_hash,[
 {<<"base16">>, <<"283644E2B21BD5915ACB7178BED7851FB07C6E5749B8FAD68A53C501092176D9">>},
 {<<"certifi">>, <<"75424FF0F3BAACCFD34B1214184B6EF616D89E420B258BB0A5EA7D7BC628F7F0">>},
 {<<"eini">>, <<"DFFA48476FD89FB6E41CEEA0ADFA1BC6E7862CCD6584417442F8BB37E5D34715">>},
 {<<"idna">>, <<"689C46CBCDF3524C44D5F3DDE8001F364CD7608A99556D8FBD8239A5798D4C10">>},
 {<<"lhttpc">>, <<"044F16F0018C7AA7E945E9E9406C7F6035E0B8BC08BF77B00C78CE260E1071E3">>},
 {<<"metrics">>, <<"25F094DEA2CDA98213CECC3AEFF09E940299D950904393B2A29D191C346A8486">>},
 {<<"mimerl">>, <<"993F9B0E084083405ED8252B99460C4F0563E41729AB42D9074FD5E52439BE88">>},
 {<<"parse_trans">>, <<"09765507A3C7590A784615CFD421D101AEC25098D50B89D7AA1D66646BC571C1">>},
 {<<"ssl_verify_fun">>, <<"F0EAFFF810D2041E93F915EF59899C923F4568F4585904D010387ED74988E77B">>},
 {<<"unicode_util_compat">>, <<"D869E4C68901DD9531385BB0C8C40444EBF624E60B6962D95952775CAC5E90CD">>}]}
].
